# This file is automatically @generated by Cargo.
# It is not intended for manual editing.
version = 4

[[package]]
name = "rspond"
version = "0.1.0"
source = "git+https://github.com/mochou-p/rspond#a2849d8ae28f5b81a0a45bee0f92a65b948451e6"

[[package]]
name = "web_backend"
version = "0.0.0"
dependencies = [
 "rspond",
]
